
Microsoft Visual Studio Solution File, Format Version 12.00
# Visual Studio Version 17
VisualStudioVersion = 17.10.35004.147
MinimumVisualStudioVersion = 10.0.40219.1
Project("{9A19103F-16F7-4668-BE54-9A1E7A4F7556}") = "task5", "task5.csproj", "{A79E6C7E-0611-4792-8846-303545A586B9}"
EndProject
Global
	GlobalSection(SolutionConfigurationPlatforms) = preSolution
		Debug|Any CPU = Debug|Any CPU
		Release|Any CPU = Release|Any CPU
	EndGlobalSection
	GlobalSection(ProjectConfigurationPlatforms) = postSolution
		{A79E6C7E-0611-4792-8846-303545A586B9}.Debug|Any CPU.ActiveCfg = Debug|Any CPU
		{A79E6C7E-0611-4792-8846-303545A586B9}.Debug|Any CPU.Build.0 = Debug|Any CPU
		{A79E6C7E-0611-4792-8846-303545A586B9}.Release|Any CPU.ActiveCfg = Release|Any CPU
		{A79E6C7E-0611-4792-8846-303545A586B9}.Release|Any CPU.Build.0 = Release|Any CPU
	EndGlobalSection
	GlobalSection(SolutionProperties) = preSolution
		HideSolutionNode = FALSE
	EndGlobalSection
	GlobalSection(ExtensibilityGlobals) = postSolution
		SolutionGuid = {B6A584C2-5BDB-498F-B06D-C5682654000B}
	EndGlobalSection
EndGlobal
